
Microsoft Visual Studio Solution File, Format Version 12.00
# Visual Studio Version 17
VisualStudioVersion = 17.4.33110.190
MinimumVisualStudioVersion = 10.0.40219.1
Project("{FAE04EC0-301F-11D3-BF4B-00C04F79EFBC}") = "CoreWCFService", "CoreWCFService\CoreWCFService.csproj", "{D908BAE2-554A-4AC1-ACC1-7BB99D4785A6}"
EndProject
Project("{FAE04EC0-301F-11D3-BF4B-00C04F79EFBC}") = "CoreWCFService.Core", "CoreWCFService.Core\CoreWCFService.Core.csproj", "{328F444F-FD9C-41B1-BE45-38762B875BDB}"
EndProject
Project("{FAE04EC0-301F-11D3-BF4B-00C04F79EFBC}") = "CoreWCFService.Infrastructure", "CoreWCFService.Infrastructure\CoreWCFService.Infrastructure.csproj", "{DEBE11B6-D19E-41A0-B63B-39BFD89B6689}"
EndProject
Global
	GlobalSection(SolutionConfigurationPlatforms) = preSolution
		Debug|Any CPU = Debug|Any CPU
		Release|Any CPU = Release|Any CPU
	EndGlobalSection
	GlobalSection(ProjectConfigurationPlatforms) = postSolution
		{D908BAE2-554A-4AC1-ACC1-7BB99D4785A6}.Debug|Any CPU.ActiveCfg = Debug|Any CPU
		{D908BAE2-554A-4AC1-ACC1-7BB99D4785A6}.Debug|Any CPU.Build.0 = Debug|Any CPU
		{D908BAE2-554A-4AC1-ACC1-7BB99D4785A6}.Release|Any CPU.ActiveCfg = Release|Any CPU
		{D908BAE2-554A-4AC1-ACC1-7BB99D4785A6}.Release|Any CPU.Build.0 = Release|Any CPU
		{328F444F-FD9C-41B1-BE45-38762B875BDB}.Debug|Any CPU.ActiveCfg = Debug|Any CPU
		{328F444F-FD9C-41B1-BE45-38762B875BDB}.Debug|Any CPU.Build.0 = Debug|Any CPU
		{328F444F-FD9C-41B1-BE45-38762B875BDB}.Release|Any CPU.ActiveCfg = Release|Any CPU
		{328F444F-FD9C-41B1-BE45-38762B875BDB}.Release|Any CPU.Build.0 = Release|Any CPU
		{DEBE11B6-D19E-41A0-B63B-39BFD89B6689}.Debug|Any CPU.ActiveCfg = Debug|Any CPU
		{DEBE11B6-D19E-41A0-B63B-39BFD89B6689}.Debug|Any CPU.Build.0 = Debug|Any CPU
		{DEBE11B6-D19E-41A0-B63B-39BFD89B6689}.Release|Any CPU.ActiveCfg = Release|Any CPU
		{DEBE11B6-D19E-41A0-B63B-39BFD89B6689}.Release|Any CPU.Build.0 = Release|Any CPU
	EndGlobalSection
	GlobalSection(SolutionProperties) = preSolution
		HideSolutionNode = FALSE
	EndGlobalSection
	GlobalSection(ExtensibilityGlobals) = postSolution
		SolutionGuid = {BF047C5E-BED0-43C6-B1C1-98BBFEB5C042}
	EndGlobalSection
EndGlobal
